uuid: a5431aa8-627a-4a42-9dbe-3ada8dea401f
langcode: en
status: true
dependencies:
  content:
    - 'block_content:basic:ebeb4840-94a8-48e5-a2f9-964b7ad42c55'
  module:
    - block_content
  theme:
    - olivero
id: olivero_recentnewspagesblock
theme: olivero
region: sidebar
weight: 0
provider: null
plugin: 'block_content:ebeb4840-94a8-48e5-a2f9-964b7ad42c55'
settings:
  id: 'block_content:ebeb4840-94a8-48e5-a2f9-964b7ad42c55'
  label: 'Recent news pages'
  label_display: visible
  provider: block_content
  view_mode: full
visibility: {  }
